
Microsoft Visual Studio Solution File, Format Version 12.00
# Visual Studio Version 17
VisualStudioVersion = 17.8.34330.188
MinimumVisualStudioVersion = 10.0.40219.1
Project("{9A19103F-16F7-4668-BE54-9A1E7A4F7556}") = "API", "API\API.csproj", "{19ED9E49-E253-4FB9-9930-977ECA193FB9}"
EndProject
Project("{9A19103F-16F7-4668-BE54-9A1E7A4F7556}") = "DataAccess", "DataAccess\DataAccess.csproj", "{94F4F4D6-6270-4767-A5E1-1D5B0D65AE23}"
EndProject
Project("{FAE04EC0-301F-11D3-BF4B-00C04F79EFBC}") = "API.Tests", "API.Tests\API.Tests.csproj", "{0D16DE0B-8A68-4D71-9201-5F5423127690}"
EndProject
Global
	GlobalSection(SolutionConfigurationPlatforms) = preSolution
		Debug|Any CPU = Debug|Any CPU
		Release|Any CPU = Release|Any CPU
	EndGlobalSection
	GlobalSection(ProjectConfigurationPlatforms) = postSolution
		{19ED9E49-E253-4FB9-9930-977ECA193FB9}.Debug|Any CPU.ActiveCfg = Debug|Any CPU
		{19ED9E49-E253-4FB9-9930-977ECA193FB9}.Debug|Any CPU.Build.0 = Debug|Any CPU
		{19ED9E49-E253-4FB9-9930-977ECA193FB9}.Release|Any CPU.ActiveCfg = Release|Any CPU
		{19ED9E49-E253-4FB9-9930-977ECA193FB9}.Release|Any CPU.Build.0 = Release|Any CPU
		{94F4F4D6-6270-4767-A5E1-1D5B0D65AE23}.Debug|Any CPU.ActiveCfg = Debug|Any CPU
		{94F4F4D6-6270-4767-A5E1-1D5B0D65AE23}.Debug|Any CPU.Build.0 = Debug|Any CPU
		{94F4F4D6-6270-4767-A5E1-1D5B0D65AE23}.Release|Any CPU.ActiveCfg = Release|Any CPU
		{94F4F4D6-6270-4767-A5E1-1D5B0D65AE23}.Release|Any CPU.Build.0 = Release|Any CPU
		{0D16DE0B-8A68-4D71-9201-5F5423127690}.Debug|Any CPU.ActiveCfg = Debug|Any CPU
		{0D16DE0B-8A68-4D71-9201-5F5423127690}.Debug|Any CPU.Build.0 = Debug|Any CPU
		{0D16DE0B-8A68-4D71-9201-5F5423127690}.Release|Any CPU.ActiveCfg = Release|Any CPU
		{0D16DE0B-8A68-4D71-9201-5F5423127690}.Release|Any CPU.Build.0 = Release|Any CPU
	EndGlobalSection
	GlobalSection(SolutionProperties) = preSolution
		HideSolutionNode = FALSE
	EndGlobalSection
	GlobalSection(ExtensibilityGlobals) = postSolution
		SolutionGuid = {1FFC7BBA-DF87-4A53-AFF0-B27882C7F404}
	EndGlobalSection
EndGlobal
